<Solution>
  <Folder Name="/src/">
    <Project Path="TaskManager.Api/TaskManager.Api.csproj" />
    <Project Path="TaskManager.Application/TaskManager.Application.csproj" />
    <Project Path="TaskManager.Domain/TaskManager.Domain.csproj" />
    <Project Path="TaskManager.Infrastructure/TaskManager.Infrastructure.csproj" />
  </Folder>
  <Project Path="docker-compose.dcproj">
    <Build />
  </Project>
  <File Path="README.md" />
  <File Path="TaskManager_Docker_Postman.json" />
  <File Path="TaskManager_Local_Postman.json" />
</Solution>